
Microsoft Visual Studio Solution File, Format Version 12.00
# Visual Studio Version 17
VisualStudioVersion = 17.0.32014.148
MinimumVisualStudioVersion = 10.0.40219.1
Project("{9A19103F-16F7-4668-BE54-9A1E7A4F7556}") = "eShopSolution.WebApp", "eShopSolution.WebApp\eShopSolution.WebApp.csproj", "{93C6C885-6C27-4845-8E4E-23CEF4D640C2}"
EndProject
Project("{2150E333-8FDC-42A3-9474-1A3956D46DE8}") = "Solution Items", "Solution Items", "{8A7E3808-8765-43CE-8688-65974075633E}"
	ProjectSection(SolutionItems) = preProject
		README.md = README.md
	EndProjectSection
EndProject
Project("{9A19103F-16F7-4668-BE54-9A1E7A4F7556}") = "eShopSolution.Data", "eShopSolution.Data\eShopSolution.Data.csproj", "{E9762091-EC4C-42C3-85FB-0C13B7628888}"
EndProject
Project("{9A19103F-16F7-4668-BE54-9A1E7A4F7556}") = "eShopSolution.Application", "eShopSolution.Application\eShopSolution.Application.csproj", "{6310E48C-0F7B-484D-96A6-AF92CA19D8F4}"
EndProject
Project("{9A19103F-16F7-4668-BE54-9A1E7A4F7556}") = "eShopSolution.Utilities", "eShopSolution.Utilities\eShopSolution.Utilities.csproj", "{CE37EB76-5EE8-4785-BD83-89AE5BE65FEE}"
EndProject
Project("{9A19103F-16F7-4668-BE54-9A1E7A4F7556}") = "eShopSolution.ViewModels", "eShopSolution.ViewModels\eShopSolution.ViewModels.csproj", "{75657D96-2E6A-492E-B9AB-63341A788321}"
EndProject
Project("{9A19103F-16F7-4668-BE54-9A1E7A4F7556}") = "eShopSolution.BackendApi", "eShopSolution.BackendApi\eShopSolution.BackendApi.csproj", "{26D14AC7-D06B-43ED-9797-CA9C7563801B}"
EndProject
Project("{2150E333-8FDC-42A3-9474-1A3956D46DE8}") = "Hosts", "Hosts", "{A9597CFA-5466-4AF8-80CE-203F3F59D97C}"
EndProject
Project("{2150E333-8FDC-42A3-9474-1A3956D46DE8}") = "Domain", "Domain", "{9E4B7853-12A8-44D9-AAB2-9D90DDFCCC8F}"
EndProject
Project("{2150E333-8FDC-42A3-9474-1A3956D46DE8}") = "Infrastructure", "Infrastructure", "{437911F2-9C36-4011-8A36-3A700896C0AD}"
EndProject
Project("{9A19103F-16F7-4668-BE54-9A1E7A4F7556}") = "eShopSolution.AdminApp", "eShopSolution.AdminApp\eShopSolution.AdminApp.csproj", "{FEE5BA60-B0F5-4FD4-AB5B-88EFE5B80A04}"
EndProject
Project("{FAE04EC0-301F-11D3-BF4B-00C04F79EFBC}") = "eShopSolution.ApiIntegration", "eShopSolution.ApiIntegration\eShopSolution.ApiIntegration.csproj", "{318ECE35-8CC2-4AE3-B0B0-F6DF1C45612E}"
EndProject
Global
	GlobalSection(SolutionConfigurationPlatforms) = preSolution
		Debug|Any CPU = Debug|Any CPU
		Release|Any CPU = Release|Any CPU
	EndGlobalSection
	GlobalSection(ProjectConfigurationPlatforms) = postSolution
		{93C6C885-6C27-4845-8E4E-23CEF4D640C2}.Debug|Any CPU.ActiveCfg = Debug|Any CPU
		{93C6C885-6C27-4845-8E4E-23CEF4D640C2}.Debug|Any CPU.Build.0 = Debug|Any CPU
		{93C6C885-6C27-4845-8E4E-23CEF4D640C2}.Release|Any CPU.ActiveCfg = Release|Any CPU
		{93C6C885-6C27-4845-8E4E-23CEF4D640C2}.Release|Any CPU.Build.0 = Release|Any CPU
		{E9762091-EC4C-42C3-85FB-0C13B7628888}.Debug|Any CPU.ActiveCfg = Debug|Any CPU
		{E9762091-EC4C-42C3-85FB-0C13B7628888}.Debug|Any CPU.Build.0 = Debug|Any CPU
		{E9762091-EC4C-42C3-85FB-0C13B7628888}.Release|Any CPU.ActiveCfg = Release|Any CPU
		{E9762091-EC4C-42C3-85FB-0C13B7628888}.Release|Any CPU.Build.0 = Release|Any CPU
		{6310E48C-0F7B-484D-96A6-AF92CA19D8F4}.Debug|Any CPU.ActiveCfg = Debug|Any CPU
		{6310E48C-0F7B-484D-96A6-AF92CA19D8F4}.Debug|Any CPU.Build.0 = Debug|Any CPU
		{6310E48C-0F7B-484D-96A6-AF92CA19D8F4}.Release|Any CPU.ActiveCfg = Release|Any CPU
		{6310E48C-0F7B-484D-96A6-AF92CA19D8F4}.Release|Any CPU.Build.0 = Release|Any CPU
		{CE37EB76-5EE8-4785-BD83-89AE5BE65FEE}.Debug|Any CPU.ActiveCfg = Debug|Any CPU
		{CE37EB76-5EE8-4785-BD83-89AE5BE65FEE}.Debug|Any CPU.Build.0 = Debug|Any CPU
		{CE37EB76-5EE8-4785-BD83-89AE5BE65FEE}.Release|Any CPU.ActiveCfg = Release|Any CPU
		{CE37EB76-5EE8-4785-BD83-89AE5BE65FEE}.Release|Any CPU.Build.0 = Release|Any CPU
		{75657D96-2E6A-492E-B9AB-63341A788321}.Debug|Any CPU.ActiveCfg = Debug|Any CPU
		{75657D96-2E6A-492E-B9AB-63341A788321}.Debug|Any CPU.Build.0 = Debug|Any CPU
		{75657D96-2E6A-492E-B9AB-63341A788321}.Release|Any CPU.ActiveCfg = Release|Any CPU
		{75657D96-2E6A-492E-B9AB-63341A788321}.Release|Any CPU.Build.0 = Release|Any CPU
		{26D14AC7-D06B-43ED-9797-CA9C7563801B}.Debug|Any CPU.ActiveCfg = Debug|Any CPU
		{26D14AC7-D06B-43ED-9797-CA9C7563801B}.Debug|Any CPU.Build.0 = Debug|Any CPU
		{26D14AC7-D06B-43ED-9797-CA9C7563801B}.Release|Any CPU.ActiveCfg = Release|Any CPU
		{26D14AC7-D06B-43ED-9797-CA9C7563801B}.Release|Any CPU.Build.0 = Release|Any CPU
		{FEE5BA60-B0F5-4FD4-AB5B-88EFE5B80A04}.Debug|Any CPU.ActiveCfg = Debug|Any CPU
		{FEE5BA60-B0F5-4FD4-AB5B-88EFE5B80A04}.Debug|Any CPU.Build.0 = Debug|Any CPU
		{FEE5BA60-B0F5-4FD4-AB5B-88EFE5B80A04}.Release|Any CPU.ActiveCfg = Release|Any CPU
		{FEE5BA60-B0F5-4FD4-AB5B-88EFE5B80A04}.Release|Any CPU.Build.0 = Release|Any CPU
		{318ECE35-8CC2-4AE3-B0B0-F6DF1C45612E}.Debug|Any CPU.ActiveCfg = Debug|Any CPU
		{318ECE35-8CC2-4AE3-B0B0-F6DF1C45612E}.Debug|Any CPU.Build.0 = Debug|Any CPU
		{318ECE35-8CC2-4AE3-B0B0-F6DF1C45612E}.Release|Any CPU.ActiveCfg = Release|Any CPU
		{318ECE35-8CC2-4AE3-B0B0-F6DF1C45612E}.Release|Any CPU.Build.0 = Release|Any CPU
	EndGlobalSection
	GlobalSection(SolutionProperties) = preSolution
		HideSolutionNode = FALSE
	EndGlobalSection
	GlobalSection(NestedProjects) = preSolution
		{93C6C885-6C27-4845-8E4E-23CEF4D640C2} = {A9597CFA-5466-4AF8-80CE-203F3F59D97C}
		{E9762091-EC4C-42C3-85FB-0C13B7628888} = {9E4B7853-12A8-44D9-AAB2-9D90DDFCCC8F}
		{6310E48C-0F7B-484D-96A6-AF92CA19D8F4} = {9E4B7853-12A8-44D9-AAB2-9D90DDFCCC8F}
		{CE37EB76-5EE8-4785-BD83-89AE5BE65FEE} = {437911F2-9C36-4011-8A36-3A700896C0AD}
		{75657D96-2E6A-492E-B9AB-63341A788321} = {437911F2-9C36-4011-8A36-3A700896C0AD}
		{26D14AC7-D06B-43ED-9797-CA9C7563801B} = {A9597CFA-5466-4AF8-80CE-203F3F59D97C}
		{FEE5BA60-B0F5-4FD4-AB5B-88EFE5B80A04} = {A9597CFA-5466-4AF8-80CE-203F3F59D97C}
		{318ECE35-8CC2-4AE3-B0B0-F6DF1C45612E} = {9E4B7853-12A8-44D9-AAB2-9D90DDFCCC8F}
	EndGlobalSection
	GlobalSection(ExtensibilityGlobals) = postSolution
		SolutionGuid = {42B6ABE5-FA59-4F8B-8ED0-031471CA6ABB}
	EndGlobalSection
EndGlobal
